{
  "pins" : [
    {
      "identity" : "attributedtext",
      "kind" : "remoteSourceControl",
      "location" : "https://github.com/Iaenhaall/AttributedText.git",
      "state" : {
        "revision" : "26a8be0285d664449e352d0e9b1b4a79ee9cecba",
        "version" : "1.2.0"
      }
    }
  ],
  "version" : 2
}
